
Microsoft Visual Studio Solution File, Format Version 12.00
# Visual Studio Version 17
VisualStudioVersion = 17.10.35013.160
MinimumVisualStudioVersion = 10.0.40219.1
Project("{FAE04EC0-301F-11D3-BF4B-00C04F79EFBC}") = "Boogle", "Boogle\Boogle.csproj", "{2E8C9A2F-170F-4FD0-9A1B-12E6C65AFCB9}"
EndProject
Project("{FAE04EC0-301F-11D3-BF4B-00C04F79EFBC}") = "UnitTest1", "UnitTest1\UnitTest1.csproj", "{5D2E400D-D377-43BA-85B4-5B6001385B4F}"
EndProject
Global
	GlobalSection(SolutionConfigurationPlatforms) = preSolution
		Debug|Any CPU = Debug|Any CPU
		Release|Any CPU = Release|Any CPU
	EndGlobalSection
	GlobalSection(ProjectConfigurationPlatforms) = postSolution
		{2E8C9A2F-170F-4FD0-9A1B-12E6C65AFCB9}.Debug|Any CPU.ActiveCfg = Debug|Any CPU
		{2E8C9A2F-170F-4FD0-9A1B-12E6C65AFCB9}.Debug|Any CPU.Build.0 = Debug|Any CPU
		{2E8C9A2F-170F-4FD0-9A1B-12E6C65AFCB9}.Release|Any CPU.ActiveCfg = Release|Any CPU
		{2E8C9A2F-170F-4FD0-9A1B-12E6C65AFCB9}.Release|Any CPU.Build.0 = Release|Any CPU
		{5D2E400D-D377-43BA-85B4-5B6001385B4F}.Debug|Any CPU.ActiveCfg = Debug|Any CPU
		{5D2E400D-D377-43BA-85B4-5B6001385B4F}.Debug|Any CPU.Build.0 = Debug|Any CPU
		{5D2E400D-D377-43BA-85B4-5B6001385B4F}.Release|Any CPU.ActiveCfg = Release|Any CPU
		{5D2E400D-D377-43BA-85B4-5B6001385B4F}.Release|Any CPU.Build.0 = Release|Any CPU
	EndGlobalSection
	GlobalSection(SolutionProperties) = preSolution
		HideSolutionNode = FALSE
	EndGlobalSection
	GlobalSection(ExtensibilityGlobals) = postSolution
		SolutionGuid = {ED76AB29-7588-45F7-B39C-211C909CECA5}
	EndGlobalSection
EndGlobal
